
Microsoft Visual Studio Solution File, Format Version 12.00
Project("{FAE04EC0-301F-11D3-BF4B-00C04F79EFBC}") = "AK8PO_snake", "AK8PO_snake\AK8PO_snake.csproj", "{170C2B82-F15A-4BC5-8D8B-A3691FB074E0}"
EndProject
Global
	GlobalSection(SolutionConfigurationPlatforms) = preSolution
		Debug|Any CPU = Debug|Any CPU
		Release|Any CPU = Release|Any CPU
	EndGlobalSection
	GlobalSection(ProjectConfigurationPlatforms) = postSolution
		{170C2B82-F15A-4BC5-8D8B-A3691FB074E0}.Debug|Any CPU.ActiveCfg = Debug|Any CPU
		{170C2B82-F15A-4BC5-8D8B-A3691FB074E0}.Debug|Any CPU.Build.0 = Debug|Any CPU
		{170C2B82-F15A-4BC5-8D8B-A3691FB074E0}.Release|Any CPU.ActiveCfg = Release|Any CPU
		{170C2B82-F15A-4BC5-8D8B-A3691FB074E0}.Release|Any CPU.Build.0 = Release|Any CPU
	EndGlobalSection
EndGlobal
